
Microsoft Visual Studio Solution File, Format Version 12.00
# Visual Studio Version 17
VisualStudioVersion = 17.3.32929.385
MinimumVisualStudioVersion = 10.0.40219.1
Project("{FAE04EC0-301F-11D3-BF4B-00C04F79EFBC}") = "Minions", "Minions.csproj", "{744F0D52-AC9B-4D6A-A419-4D9D2A65BF01}"
EndProject
Global
	GlobalSection(SolutionConfigurationPlatforms) = preSolution
		Debug|Any CPU = Debug|Any CPU
		Release|Any CPU = Release|Any CPU
	EndGlobalSection
	GlobalSection(ProjectConfigurationPlatforms) = postSolution
		{744F0D52-AC9B-4D6A-A419-4D9D2A65BF01}.Debug|Any CPU.ActiveCfg = Debug|Any CPU
		{744F0D52-AC9B-4D6A-A419-4D9D2A65BF01}.Debug|Any CPU.Build.0 = Debug|Any CPU
		{744F0D52-AC9B-4D6A-A419-4D9D2A65BF01}.Release|Any CPU.ActiveCfg = Release|Any CPU
		{744F0D52-AC9B-4D6A-A419-4D9D2A65BF01}.Release|Any CPU.Build.0 = Release|Any CPU
	EndGlobalSection
	GlobalSection(SolutionProperties) = preSolution
		HideSolutionNode = FALSE
	EndGlobalSection
	GlobalSection(ExtensibilityGlobals) = postSolution
		SolutionGuid = {3A61C59E-072C-4A17-9CC8-291A5BA8D8A7}
	EndGlobalSection
EndGlobal
